
Microsoft Visual Studio Solution File, Format Version 12.00
# Visual Studio Version 17
VisualStudioVersion = 17.5.002.0
MinimumVisualStudioVersion = 10.0.40219.1
Project("{9A19103F-16F7-4668-BE54-9A1E7A4F7556}") = "birthday_dotnet", "birthday_dotnet\birthday_dotnet.csproj", "{3796ADA3-F3A7-4976-B1A4-FFC0ADFA9F6B}"
EndProject
Global
	GlobalSection(SolutionConfigurationPlatforms) = preSolution
		Debug|Any CPU = Debug|Any CPU
		Release|Any CPU = Release|Any CPU
	EndGlobalSection
	GlobalSection(ProjectConfigurationPlatforms) = postSolution
		{3796ADA3-F3A7-4976-B1A4-FFC0ADFA9F6B}.Debug|Any CPU.ActiveCfg = Debug|Any CPU
		{3796ADA3-F3A7-4976-B1A4-FFC0ADFA9F6B}.Debug|Any CPU.Build.0 = Debug|Any CPU
		{3796ADA3-F3A7-4976-B1A4-FFC0ADFA9F6B}.Release|Any CPU.ActiveCfg = Release|Any CPU
		{3796ADA3-F3A7-4976-B1A4-FFC0ADFA9F6B}.Release|Any CPU.Build.0 = Release|Any CPU
	EndGlobalSection
	GlobalSection(SolutionProperties) = preSolution
		HideSolutionNode = FALSE
	EndGlobalSection
	GlobalSection(ExtensibilityGlobals) = postSolution
		SolutionGuid = {838111E3-BBA8-4D54-BE07-8421F0F49C1D}
	EndGlobalSection
EndGlobal
